// !$*UTF8*$!
{
	archiveVersion = 1;
	classes = {
	};
	objectVersion = 77;
	objects = {

/* Begin PBXBuildFile section */
		695251272DBDBB110040EE12 /* ArticleRow.swift in Sources */ = {isa = PBXBuildFile; fileRef = 695251232DBDBB110040EE12 /* ArticleRow.swift */; };
		695251292DBDBB110040EE12 /* Article.swift in Sources */ = {isa = PBXBuildFile; fileRef = 6952511D2DBDBB110040EE12 /* Article.swift */; };
		6952512A2DBDBB110040EE12 /* NewsViewModel.swift in Sources */ = {isa = PBXBuildFile; fileRef = 695251212DBDBB110040EE12 /* NewsViewModel.swift */; };
		695251352DBDC0D40040EE12 /* ContentView.swift in Sources */ = {isa = PBXBuildFile; fileRef = 695251342DBDC0CE0040EE12 /* ContentView.swift */; };
		695251422DBDC5D50040EE12 /* SafariView.swift in Sources */ = {isa = PBXBuildFile; fileRef = 695251412DBDC5CD0040EE12 /* SafariView.swift */; };
		695251442DBDCC9E0040EE12 /* SideMenuView.swift in Sources */ = {isa = PBXBuildFile; fileRef = 695251432DBDCC990040EE12 /* SideMenuView.swift */; };
		695251462DBDCCB00040EE12 /* CategoriesView.swift in Sources */ = {isa = PBXBuildFile; fileRef = 695251452DBDCCAD0040EE12 /* CategoriesView.swift */; };
		695251482DBDCCBF0040EE12 /* FavoritesView.swift in Sources */ = {isa = PBXBuildFile; fileRef = 695251472DBDCCBD0040EE12 /* FavoritesView.swift */; };
		6952514A2DBDCCD70040EE12 /* ArticleDetailView.swift in Sources */ = {isa = PBXBuildFile; fileRef = 695251492DBDCCD50040EE12 /* ArticleDetailView.swift */; };
		6952514C2DBDCCE50040EE12 /* BookmarkManager.swift in Sources */ = {isa = PBXBuildFile; fileRef = 6952514B2DBDCCE30040EE12 /* BookmarkManager.swift */; };
		6952514E2DBDCCFD0040EE12 /* ToastView.swift in Sources */ = {isa = PBXBuildFile; fileRef = 6952514D2DBDCCFB0040EE12 /* ToastView.swift */; };
		695251502DBDCDBF0040EE12 /* NewsCategory.swift in Sources */ = {isa = PBXBuildFile; fileRef = 6952514F2DBDCDBC0040EE12 /* NewsCategory.swift */; };
		695251562DBDCF730040EE12 /* ArticleListView.swift in Sources */ = {isa = PBXBuildFile; fileRef = 695251552DBDCF6A0040EE12 /* ArticleListView.swift */; };
		6952515A2DBDD77C0040EE12 /* Screen.swift in Sources */ = {isa = PBXBuildFile; fileRef = 695251592DBDD7790040EE12 /* Screen.swift */; };
		6952515C2DBEC9E20040EE12 /* MainView.swift in Sources */ = {isa = PBXBuildFile; fileRef = 6952515B2DBEC9DA0040EE12 /* MainView.swift */; };
		6952515E2DBECA130040EE12 /* SavedArticlesView.swift in Sources */ = {isa = PBXBuildFile; fileRef = 6952515D2DBECA070040EE12 /* SavedArticlesView.swift */; };
		695251602DBECA350040EE12 /* SplashView.swift in Sources */ = {isa = PBXBuildFile; fileRef = 6952515F2DBECA2E0040EE12 /* SplashView.swift */; };
		695251622DBECA8B0040EE12 /* NewsService.swift in Sources */ = {isa = PBXBuildFile; fileRef = 695251612DBECA830040EE12 /* NewsService.swift */; };
		695251722DBECC0B0040EE12 /* IdentifiableURL.swift in Sources */ = {isa = PBXBuildFile; fileRef = 695251712DBECBFE0040EE12 /* IdentifiableURL.swift */; };
		695251772DBECDD40040EE12 /* NewsReponse.swift in Sources */ = {isa = PBXBuildFile; fileRef = 695251762DBECDCB0040EE12 /* NewsReponse.swift */; };
		6952518D2DBF180F0040EE12 /* TopHeadlinesLink.swift in Sources */ = {isa = PBXBuildFile; fileRef = 6952518C2DBF180C0040EE12 /* TopHeadlinesLink.swift */; };
		6952518F2DBF182D0040EE12 /* FavoriteCategoryLink.swift in Sources */ = {isa = PBXBuildFile; fileRef = 6952518E2DBF182A0040EE12 /* FavoriteCategoryLink.swift */; };
		695251912DBF18570040EE12 /* SavedArticlesLink.swift in Sources */ = {isa = PBXBuildFile; fileRef = 695251902DBF18540040EE12 /* SavedArticlesLink.swift */; };
		695251932DBF186E0040EE12 /* AddCategoryButton.swift in Sources */ = {isa = PBXBuildFile; fileRef = 695251922DBF186C0040EE12 /* AddCategoryButton.swift */; };
		695251952DBF33060040EE12 /* .gitignore in Resources */ = {isa = PBXBuildFile; fileRef = 695251942DBF32FE0040EE12 /* .gitignore */; };
/* End PBXBuildFile section */

/* Begin PBXContainerItemProxy section */
		695251012DBDB9FD0040EE12 /* PBXContainerItemProxy */ = {
			isa = PBXContainerItemProxy;
			containerPortal = 695250EB2DBDB9FA0040EE12 /* Project object */;
			proxyType = 1;
			remoteGlobalIDString = 695250F22DBDB9FA0040EE12;
			remoteInfo = SwiftNews;
		};
		6952510B2DBDB9FD0040EE12 /* PBXContainerItemProxy */ = {
			isa = PBXContainerItemProxy;
			containerPortal = 695250EB2DBDB9FA0040EE12 /* Project object */;
			proxyType = 1;
			remoteGlobalIDString = 695250F22DBDB9FA0040EE12;
			remoteInfo = SwiftNews;
		};
/* End PBXContainerItemProxy section */

/* Begin PBXFileReference section */
		695250F32DBDB9FA0040EE12 /* SwiftNews.app */ = {isa = PBXFileReference; explicitFileType = wrapper.application; includeInIndex = 0; path = SwiftNews.app; sourceTree = BUILT_PRODUCTS_DIR; };
		695251002DBDB9FD0040EE12 /* SwiftNewsTests.xctest */ = {isa = PBXFileReference; explicitFileType = wrapper.cfbundle; includeInIndex = 0; path = SwiftNewsTests.xctest; sourceTree = BUILT_PRODUCTS_DIR; };
		6952510A2DBDB9FD0040EE12 /* SwiftNewsUITests.xctest */ = {isa = PBXFileReference; explicitFileType = wrapper.cfbundle; includeInIndex = 0; path = SwiftNewsUITests.xctest; sourceTree = BUILT_PRODUCTS_DIR; };
		6952511D2DBDBB110040EE12 /* Article.swift */ = {isa = PBXFileReference; lastKnownFileType = sourcecode.swift; path = Article.swift; sourceTree = "<group>"; };
		695251212DBDBB110040EE12 /* NewsViewModel.swift */ = {isa = PBXFileReference; lastKnownFileType = sourcecode.swift; path = NewsViewModel.swift; sourceTree = "<group>"; };
		695251232DBDBB110040EE12 /* ArticleRow.swift */ = {isa = PBXFileReference; lastKnownFileType = sourcecode.swift; path = ArticleRow.swift; sourceTree = "<group>"; };
		695251342DBDC0CE0040EE12 /* ContentView.swift */ = {isa = PBXFileReference; lastKnownFileType = sourcecode.swift; path = ContentView.swift; sourceTree = "<group>"; };
		695251412DBDC5CD0040EE12 /* SafariView.swift */ = {isa = PBXFileReference; lastKnownFileType = sourcecode.swift; path = SafariView.swift; sourceTree = "<group>"; };
		695251432DBDCC990040EE12 /* SideMenuView.swift */ = {isa = PBXFileReference; lastKnownFileType = sourcecode.swift; path = SideMenuView.swift; sourceTree = "<group>"; };
		695251452DBDCCAD0040EE12 /* CategoriesView.swift */ = {isa = PBXFileReference; lastKnownFileType = sourcecode.swift; path = CategoriesView.swift; sourceTree = "<group>"; };
		695251472DBDCCBD0040EE12 /* FavoritesView.swift */ = {isa = PBXFileReference; lastKnownFileType = sourcecode.swift; path = FavoritesView.swift; sourceTree = "<group>"; };
		695251492DBDCCD50040EE12 /* ArticleDetailView.swift */ = {isa = PBXFileReference; lastKnownFileType = sourcecode.swift; path = ArticleDetailView.swift; sourceTree = "<group>"; };
		6952514B2DBDCCE30040EE12 /* BookmarkManager.swift */ = {isa = PBXFileReference; lastKnownFileType = sourcecode.swift; path = BookmarkManager.swift; sourceTree = "<group>"; };
		6952514D2DBDCCFB0040EE12 /* ToastView.swift */ = {isa = PBXFileReference; lastKnownFileType = sourcecode.swift; path = ToastView.swift; sourceTree = "<group>"; };
		6952514F2DBDCDBC0040EE12 /* NewsCategory.swift */ = {isa = PBXFileReference; lastKnownFileType = sourcecode.swift; path = NewsCategory.swift; sourceTree = "<group>"; };
		695251552DBDCF6A0040EE12 /* ArticleListView.swift */ = {isa = PBXFileReference; lastKnownFileType = sourcecode.swift; path = ArticleListView.swift; sourceTree = "<group>"; };
		695251592DBDD7790040EE12 /* Screen.swift */ = {isa = PBXFileReference; lastKnownFileType = sourcecode.swift; path = Screen.swift; sourceTree = "<group>"; };
		6952515B2DBEC9DA0040EE12 /* MainView.swift */ = {isa = PBXFileReference; lastKnownFileType = sourcecode.swift; path = MainView.swift; sourceTree = "<group>"; };
		6952515D2DBECA070040EE12 /* SavedArticlesView.swift */ = {isa = PBXFileReference; lastKnownFileType = sourcecode.swift; path = SavedArticlesView.swift; sourceTree = "<group>"; };
		6952515F2DBECA2E0040EE12 /* SplashView.swift */ = {isa = PBXFileReference; lastKnownFileType = sourcecode.swift; path = SplashView.swift; sourceTree = "<group>"; };
		695251612DBECA830040EE12 /* NewsService.swift */ = {isa = PBXFileReference; lastKnownFileType = sourcecode.swift; path = NewsService.swift; sourceTree = "<group>"; };
		695251712DBECBFE0040EE12 /* IdentifiableURL.swift */ = {isa = PBXFileReference; lastKnownFileType = sourcecode.swift; path = IdentifiableURL.swift; sourceTree = "<group>"; };
		695251762DBECDCB0040EE12 /* NewsReponse.swift */ = {isa = PBXFileReference; lastKnownFileType = sourcecode.swift; path = NewsReponse.swift; sourceTree = "<group>"; };
		6952518C2DBF180C0040EE12 /* TopHeadlinesLink.swift */ = {isa = PBXFileReference; lastKnownFileType = sourcecode.swift; path = TopHeadlinesLink.swift; sourceTree = "<group>"; };
		6952518E2DBF182A0040EE12 /* FavoriteCategoryLink.swift */ = {isa = PBXFileReference; lastKnownFileType = sourcecode.swift; path = FavoriteCategoryLink.swift; sourceTree = "<group>"; };
		695251902DBF18540040EE12 /* SavedArticlesLink.swift */ = {isa = PBXFileReference; lastKnownFileType = sourcecode.swift; path = SavedArticlesLink.swift; sourceTree = "<group>"; };
		695251922DBF186C0040EE12 /* AddCategoryButton.swift */ = {isa = PBXFileReference; lastKnownFileType = sourcecode.swift; path = AddCategoryButton.swift; sourceTree = "<group>"; };
		695251942DBF32FE0040EE12 /* .gitignore */ = {isa = PBXFileReference; lastKnownFileType = text; path = .gitignore; sourceTree = "<group>"; };
/* End PBXFileReference section */

/* Begin PBXFileSystemSynchronizedBuildFileExceptionSet section */
		695251402DBDC4A60040EE12 /* Exceptions for "SwiftNews" folder in "SwiftNews" target */ = {
			isa = PBXFileSystemSynchronizedBuildFileExceptionSet;
			membershipExceptions = (
				Info.plist,
			);
			target = 695250F22DBDB9FA0040EE12 /* SwiftNews */;
		};
/* End PBXFileSystemSynchronizedBuildFileExceptionSet section */

/* Begin PBXFileSystemSynchronizedRootGroup section */
		695250F52DBDB9FA0040EE12 /* SwiftNews */ = {
			isa = PBXFileSystemSynchronizedRootGroup;
			exceptions = (
				695251402DBDC4A60040EE12 /* Exceptions for "SwiftNews" folder in "SwiftNews" target */,
			);
			path = SwiftNews;
			sourceTree = "<group>";
		};
		695251032DBDB9FD0040EE12 /* SwiftNewsTests */ = {
			isa = PBXFileSystemSynchronizedRootGroup;
			path = SwiftNewsTests;
			sourceTree = "<group>";
		};
		6952510D2DBDB9FD0040EE12 /* SwiftNewsUITests */ = {
			isa = PBXFileSystemSynchronizedRootGroup;
			path = SwiftNewsUITests;
			sourceTree = "<group>";
		};
		695251512DBDCE900040EE12 /* Utilities */ = {
			isa = PBXFileSystemSynchronizedRootGroup;
			path = Utilities;
			sourceTree = "<group>";
		};
		695251882DBEE26E0040EE12 /* Components */ = {
			isa = PBXFileSystemSynchronizedRootGroup;
			path = Components;
			sourceTree = "<group>";
		};
/* End PBXFileSystemSynchronizedRootGroup section */

/* Begin PBXFrameworksBuildPhase section */
		695250F02DBDB9FA0040EE12 /* Frameworks */ = {
			isa = PBXFrameworksBuildPhase;
			buildActionMask = 2147483647;
			files = (
			);
			runOnlyForDeploymentPostprocessing = 0;
		};
		695250FD2DBDB9FD0040EE12 /* Frameworks */ = {
			isa = PBXFrameworksBuildPhase;
			buildActionMask = 2147483647;
			files = (
			);
			runOnlyForDeploymentPostprocessing = 0;
		};
		695251072DBDB9FD0040EE12 /* Frameworks */ = {
			isa = PBXFrameworksBuildPhase;
			buildActionMask = 2147483647;
			files = (
			);
			runOnlyForDeploymentPostprocessing = 0;
		};
/* End PBXFrameworksBuildPhase section */

/* Begin PBXGroup section */
		695250EA2DBDB9FA0040EE12 = {
			isa = PBXGroup;
			children = (
				695251942DBF32FE0040EE12 /* .gitignore */,
				695251882DBEE26E0040EE12 /* Components */,
				695251512DBDCE900040EE12 /* Utilities */,
				6952511E2DBDBB110040EE12 /* Models */,
				695251202DBDBB110040EE12 /* Services */,
				695251222DBDBB110040EE12 /* ViewModels */,
				695251252DBDBB110040EE12 /* Views */,
				695250F52DBDB9FA0040EE12 /* SwiftNews */,
				695251032DBDB9FD0040EE12 /* SwiftNewsTests */,
				6952510D2DBDB9FD0040EE12 /* SwiftNewsUITests */,
				695250F42DBDB9FA0040EE12 /* Products */,
			);
			sourceTree = "<group>";
		};
		695250F42DBDB9FA0040EE12 /* Products */ = {
			isa = PBXGroup;
			children = (
				695250F32DBDB9FA0040EE12 /* SwiftNews.app */,
				695251002DBDB9FD0040EE12 /* SwiftNewsTests.xctest */,
				6952510A2DBDB9FD0040EE12 /* SwiftNewsUITests.xctest */,
			);
			name = Products;
			sourceTree = "<group>";
		};
		6952511E2DBDBB110040EE12 /* Models */ = {
			isa = PBXGroup;
			children = (
				695251762DBECDCB0040EE12 /* NewsReponse.swift */,
				695251712DBECBFE0040EE12 /* IdentifiableURL.swift */,
				695251592DBDD7790040EE12 /* Screen.swift */,
				6952511D2DBDBB110040EE12 /* Article.swift */,
			);
			path = Models;
			sourceTree = "<group>";
		};
		695251202DBDBB110040EE12 /* Services */ = {
			isa = PBXGroup;
			children = (
				695251612DBECA830040EE12 /* NewsService.swift */,
			);
			path = Services;
			sourceTree = "<group>";
		};
		695251222DBDBB110040EE12 /* ViewModels */ = {
			isa = PBXGroup;
			children = (
				695251212DBDBB110040EE12 /* NewsViewModel.swift */,
			);
			path = ViewModels;
			sourceTree = "<group>";
		};
		695251252DBDBB110040EE12 /* Views */ = {
			isa = PBXGroup;
			children = (
				695251922DBF186C0040EE12 /* AddCategoryButton.swift */,
				695251902DBF18540040EE12 /* SavedArticlesLink.swift */,
				6952518E2DBF182A0040EE12 /* FavoriteCategoryLink.swift */,
				6952518C2DBF180C0040EE12 /* TopHeadlinesLink.swift */,
				6952515F2DBECA2E0040EE12 /* SplashView.swift */,
				6952515D2DBECA070040EE12 /* SavedArticlesView.swift */,
				6952515B2DBEC9DA0040EE12 /* MainView.swift */,
				695251552DBDCF6A0040EE12 /* ArticleListView.swift */,
				6952514F2DBDCDBC0040EE12 /* NewsCategory.swift */,
				6952514D2DBDCCFB0040EE12 /* ToastView.swift */,
				6952514B2DBDCCE30040EE12 /* BookmarkManager.swift */,
				695251492DBDCCD50040EE12 /* ArticleDetailView.swift */,
				695251472DBDCCBD0040EE12 /* FavoritesView.swift */,
				695251452DBDCCAD0040EE12 /* CategoriesView.swift */,
				695251432DBDCC990040EE12 /* SideMenuView.swift */,
				695251412DBDC5CD0040EE12 /* SafariView.swift */,
				695251342DBDC0CE0040EE12 /* ContentView.swift */,
				695251232DBDBB110040EE12 /* ArticleRow.swift */,
			);
			path = Views;
			sourceTree = "<group>";
		};
/* End PBXGroup section */

/* Begin PBXNativeTarget section */
		695250F22DBDB9FA0040EE12 /* SwiftNews */ = {
			isa = PBXNativeTarget;
			buildConfigurationList = 695251142DBDB9FD0040EE12 /* Build configuration list for PBXNativeTarget "SwiftNews" */;
			buildPhases = (
				695250EF2DBDB9FA0040EE12 /* Sources */,
				695250F02DBDB9FA0040EE12 /* Frameworks */,
				695250F12DBDB9FA0040EE12 /* Resources */,
			);
			buildRules = (
			);
			dependencies = (
			);
			fileSystemSynchronizedGroups = (
				695250F52DBDB9FA0040EE12 /* SwiftNews */,
				695251512DBDCE900040EE12 /* Utilities */,
				695251882DBEE26E0040EE12 /* Components */,
			);
			name = SwiftNews;
			packageProductDependencies = (
			);
			productName = SwiftNews;
			productReference = 695250F32DBDB9FA0040EE12 /* SwiftNews.app */;
			productType = "com.apple.product-type.application";
		};
		695250FF2DBDB9FD0040EE12 /* SwiftNewsTests */ = {
			isa = PBXNativeTarget;
			buildConfigurationList = 695251172DBDB9FD0040EE12 /* Build configuration list for PBXNativeTarget "SwiftNewsTests" */;
			buildPhases = (
				695250FC2DBDB9FD0040EE12 /* Sources */,
				695250FD2DBDB9FD0040EE12 /* Frameworks */,
				695250FE2DBDB9FD0040EE12 /* Resources */,
			);
			buildRules = (
			);
			dependencies = (
				695251022DBDB9FD0040EE12 /* PBXTargetDependency */,
			);
			fileSystemSynchronizedGroups = (
				695251032DBDB9FD0040EE12 /* SwiftNewsTests */,
			);
			name = SwiftNewsTests;
			packageProductDependencies = (
			);
			productName = SwiftNewsTests;
			productReference = 695251002DBDB9FD0040EE12 /* SwiftNewsTests.xctest */;
			productType = "com.apple.product-type.bundle.unit-test";
		};
		695251092DBDB9FD0040EE12 /* SwiftNewsUITests */ = {
			isa = PBXNativeTarget;
			buildConfigurationList = 6952511A2DBDB9FD0040EE12 /* Build configuration list for PBXNativeTarget "SwiftNewsUITests" */;
			buildPhases = (
				695251062DBDB9FD0040EE12 /* Sources */,
				695251072DBDB9FD0040EE12 /* Frameworks */,
				695251082DBDB9FD0040EE12 /* Resources */,
			);
			buildRules = (
			);
			dependencies = (
				6952510C2DBDB9FD0040EE12 /* PBXTargetDependency */,
			);
			fileSystemSynchronizedGroups = (
				6952510D2DBDB9FD0040EE12 /* SwiftNewsUITests */,
			);
			name = SwiftNewsUITests;
			packageProductDependencies = (
			);
			productName = SwiftNewsUITests;
			productReference = 6952510A2DBDB9FD0040EE12 /* SwiftNewsUITests.xctest */;
			productType = "com.apple.product-type.bundle.ui-testing";
		};
/* End PBXNativeTarget section */

/* Begin PBXProject section */
		695250EB2DBDB9FA0040EE12 /* Project object */ = {
			isa = PBXProject;
			attributes = {
				BuildIndependentTargetsInParallel = 1;
				LastSwiftUpdateCheck = 1630;
				LastUpgradeCheck = 1630;
				TargetAttributes = {
					695250F22DBDB9FA0040EE12 = {
						CreatedOnToolsVersion = 16.3;
					};
					695250FF2DBDB9FD0040EE12 = {
						CreatedOnToolsVersion = 16.3;
						TestTargetID = 695250F22DBDB9FA0040EE12;
					};
					695251092DBDB9FD0040EE12 = {
						CreatedOnToolsVersion = 16.3;
						TestTargetID = 695250F22DBDB9FA0040EE12;
					};
				};
			};
			buildConfigurationList = 695250EE2DBDB9FA0040EE12 /* Build configuration list for PBXProject "SwiftNews" */;
			developmentRegion = en;
			hasScannedForEncodings = 0;
			knownRegions = (
				en,
				Base,
			);
			mainGroup = 695250EA2DBDB9FA0040EE12;
			minimizedProjectReferenceProxies = 1;
			preferredProjectObjectVersion = 77;
			productRefGroup = 695250F42DBDB9FA0040EE12 /* Products */;
			projectDirPath = "";
			projectRoot = "";
			targets = (
				695250F22DBDB9FA0040EE12 /* SwiftNews */,
				695250FF2DBDB9FD0040EE12 /* SwiftNewsTests */,
				695251092DBDB9FD0040EE12 /* SwiftNewsUITests */,
			);
		};
/* End PBXProject section */

/* Begin PBXResourcesBuildPhase section */
		695250F12DBDB9FA0040EE12 /* Resources */ = {
			isa = PBXResourcesBuildPhase;
			buildActionMask = 2147483647;
			files = (
				695251952DBF33060040EE12 /* .gitignore in Resources */,
			);
			runOnlyForDeploymentPostprocessing = 0;
		};
		695250FE2DBDB9FD0040EE12 /* Resources */ = {
			isa = PBXResourcesBuildPhase;
			buildActionMask = 2147483647;
			files = (
			);
			runOnlyForDeploymentPostprocessing = 0;
		};
		695251082DBDB9FD0040EE12 /* Resources */ = {
			isa = PBXResourcesBuildPhase;
			buildActionMask = 2147483647;
			files = (
			);
			runOnlyForDeploymentPostprocessing = 0;
		};
/* End PBXResourcesBuildPhase section */

/* Begin PBXSourcesBuildPhase section */
		695250EF2DBDB9FA0040EE12 /* Sources */ = {
			isa = PBXSourcesBuildPhase;
			buildActionMask = 2147483647;
			files = (
				695251482DBDCCBF0040EE12 /* FavoritesView.swift in Sources */,
				695251722DBECC0B0040EE12 /* IdentifiableURL.swift in Sources */,
				695251272DBDBB110040EE12 /* ArticleRow.swift in Sources */,
				695251442DBDCC9E0040EE12 /* SideMenuView.swift in Sources */,
				695251352DBDC0D40040EE12 /* ContentView.swift in Sources */,
				6952515C2DBEC9E20040EE12 /* MainView.swift in Sources */,
				695251932DBF186E0040EE12 /* AddCategoryButton.swift in Sources */,
				6952518F2DBF182D0040EE12 /* FavoriteCategoryLink.swift in Sources */,
				6952515A2DBDD77C0040EE12 /* Screen.swift in Sources */,
				6952514C2DBDCCE50040EE12 /* BookmarkManager.swift in Sources */,
				695251292DBDBB110040EE12 /* Article.swift in Sources */,
				695251622DBECA8B0040EE12 /* NewsService.swift in Sources */,
				6952514E2DBDCCFD0040EE12 /* ToastView.swift in Sources */,
				6952518D2DBF180F0040EE12 /* TopHeadlinesLink.swift in Sources */,
				695251462DBDCCB00040EE12 /* CategoriesView.swift in Sources */,
				6952512A2DBDBB110040EE12 /* NewsViewModel.swift in Sources */,
				695251562DBDCF730040EE12 /* ArticleListView.swift in Sources */,
				6952515E2DBECA130040EE12 /* SavedArticlesView.swift in Sources */,
				6952514A2DBDCCD70040EE12 /* ArticleDetailView.swift in Sources */,
				695251502DBDCDBF0040EE12 /* NewsCategory.swift in Sources */,
				695251422DBDC5D50040EE12 /* SafariView.swift in Sources */,
				695251602DBECA350040EE12 /* SplashView.swift in Sources */,
				695251912DBF18570040EE12 /* SavedArticlesLink.swift in Sources */,
				695251772DBECDD40040EE12 /* NewsReponse.swift in Sources */,
			);
			runOnlyForDeploymentPostprocessing = 0;
		};
		695250FC2DBDB9FD0040EE12 /* Sources */ = {
			isa = PBXSourcesBuildPhase;
			buildActionMask = 2147483647;
			files = (
			);
			runOnlyForDeploymentPostprocessing = 0;
		};
		695251062DBDB9FD0040EE12 /* Sources */ = {
			isa = PBXSourcesBuildPhase;
			buildActionMask = 2147483647;
			files = (
			);
			runOnlyForDeploymentPostprocessing = 0;
		};
/* End PBXSourcesBuildPhase section */

/* Begin PBXTargetDependency section */
		695251022DBDB9FD0040EE12 /* PBXTargetDependency */ = {
			isa = PBXTargetDependency;
			target = 695250F22DBDB9FA0040EE12 /* SwiftNews */;
			targetProxy = 695251012DBDB9FD0040EE12 /* PBXContainerItemProxy */;
		};
		6952510C2DBDB9FD0040EE12 /* PBXTargetDependency */ = {
			isa = PBXTargetDependency;
			target = 695250F22DBDB9FA0040EE12 /* SwiftNews */;
			targetProxy = 6952510B2DBDB9FD0040EE12 /* PBXContainerItemProxy */;
		};
/* End PBXTargetDependency section */

/* Begin XCBuildConfiguration section */
		695251122DBDB9FD0040EE12 /* Debug */ = {
			isa = XCBuildConfiguration;
			buildSettings = {
				ALWAYS_SEARCH_USER_PATHS = NO;
				ASSETCATALOG_COMPILER_GENERATE_SWIFT_ASSET_SYMBOL_EXTENSIONS = YES;
				CLANG_ANALYZER_NONNULL = YES;
				CLANG_ANALYZER_NUMBER_OBJECT_CONVERSION = YES_AGGRESSIVE;
				CLANG_CXX_LANGUAGE_STANDARD = "gnu++20";
				CLANG_ENABLE_MODULES = YES;
				CLANG_ENABLE_OBJC_ARC = YES;
				CLANG_ENABLE_OBJC_WEAK = YES;
				CLANG_WARN_BLOCK_CAPTURE_AUTORELEASING = YES;
				CLANG_WARN_BOOL_CONVERSION = YES;
				CLANG_WARN_COMMA = YES;
				CLANG_WARN_CONSTANT_CONVERSION = YES;
				CLANG_WARN_DEPRECATED_OBJC_IMPLEMENTATIONS = YES;
				CLANG_WARN_DIRECT_OBJC_ISA_USAGE = YES_ERROR;
				CLANG_WARN_DOCUMENTATION_COMMENTS = YES;
				CLANG_WARN_EMPTY_BODY = YES;
				CLANG_WARN_ENUM_CONVERSION = YES;
				CLANG_WARN_INFINITE_RECURSION = YES;
				CLANG_WARN_INT_CONVERSION = YES;
				CLANG_WARN_NON_LITERAL_NULL_CONVERSION = YES;
				CLANG_WARN_OBJC_IMPLICIT_RETAIN_SELF = YES;
				CLANG_WARN_OBJC_LITERAL_CONVERSION = YES;
				CLANG_WARN_OBJC_ROOT_CLASS = YES_ERROR;
				CLANG_WARN_QUOTED_INCLUDE_IN_FRAMEWORK_HEADER = YES;
				CLANG_WARN_RANGE_LOOP_ANALYSIS = YES;
				CLANG_WARN_STRICT_PROTOTYPES = YES;
				CLANG_WARN_SUSPICIOUS_MOVE = YES;
				CLANG_WARN_UNGUARDED_AVAILABILITY = YES_AGGRESSIVE;
				CLANG_WARN_UNREACHABLE_CODE = YES;
				CLANG_WARN__DUPLICATE_METHOD_MATCH = YES;
				COPY_PHASE_STRIP = NO;
				DEBUG_INFORMATION_FORMAT = dwarf;
				ENABLE_STRICT_OBJC_MSGSEND = YES;
				ENABLE_TESTABILITY = YES;
				ENABLE_USER_SCRIPT_SANDBOXING = YES;
				GCC_C_LANGUAGE_STANDARD = gnu17;
				GCC_DYNAMIC_NO_PIC = NO;
				GCC_NO_COMMON_BLOCKS = YES;
				GCC_OPTIMIZATION_LEVEL = 0;
				GCC_PREPROCESSOR_DEFINITIONS = (
					"DEBUG=1",
					"$(inherited)",
				);
				GCC_WARN_64_TO_32_BIT_CONVERSION = YES;
				GCC_WARN_ABOUT_RETURN_TYPE = YES_ERROR;
				GCC_WARN_UNDECLARED_SELECTOR = YES;
				GCC_WARN_UNINITIALIZED_AUTOS = YES_AGGRESSIVE;
				GCC_WARN_UNUSED_FUNCTION = YES;
				GCC_WARN_UNUSED_VARIABLE = YES;
				INFOPLIST_FILE = SwiftNews/Info.plist;
				IPHONEOS_DEPLOYMENT_TARGET = 18.4;
				LOCALIZATION_PREFERS_STRING_CATALOGS = YES;
				MTL_ENABLE_DEBUG_INFO = INCLUDE_SOURCE;
				MTL_FAST_MATH = YES;
				ONLY_ACTIVE_ARCH = YES;
				SDKROOT = iphoneos;
				SWIFT_ACTIVE_COMPILATION_CONDITIONS = "DEBUG $(inherited)";
				SWIFT_OPTIMIZATION_LEVEL = "-Onone";
			};
			name = Debug;
		};
		695251132DBDB9FD0040EE12 /* Release */ = {
			isa = XCBuildConfiguration;
			buildSettings = {
				ALWAYS_SEARCH_USER_PATHS = NO;
				ASSETCATALOG_COMPILER_GENERATE_SWIFT_ASSET_SYMBOL_EXTENSIONS = YES;
				CLANG_ANALYZER_NONNULL = YES;
				CLANG_ANALYZER_NUMBER_OBJECT_CONVERSION = YES_AGGRESSIVE;
				CLANG_CXX_LANGUAGE_STANDARD = "gnu++20";
				CLANG_ENABLE_MODULES = YES;
				CLANG_ENABLE_OBJC_ARC = YES;
				CLANG_ENABLE_OBJC_WEAK = YES;
				CLANG_WARN_BLOCK_CAPTURE_AUTORELEASING = YES;
				CLANG_WARN_BOOL_CONVERSION = YES;
				CLANG_WARN_COMMA = YES;
				CLANG_WARN_CONSTANT_CONVERSION = YES;
				CLANG_WARN_DEPRECATED_OBJC_IMPLEMENTATIONS = YES;
				CLANG_WARN_DIRECT_OBJC_ISA_USAGE = YES_ERROR;
				CLANG_WARN_DOCUMENTATION_COMMENTS = YES;
				CLANG_WARN_EMPTY_BODY = YES;
				CLANG_WARN_ENUM_CONVERSION = YES;
				CLANG_WARN_INFINITE_RECURSION = YES;
				CLANG_WARN_INT_CONVERSION = YES;
				CLANG_WARN_NON_LITERAL_NULL_CONVERSION = YES;
				CLANG_WARN_OBJC_IMPLICIT_RETAIN_SELF = YES;
				CLANG_WARN_OBJC_LITERAL_CONVERSION = YES;
				CLANG_WARN_OBJC_ROOT_CLASS = YES_ERROR;
				CLANG_WARN_QUOTED_INCLUDE_IN_FRAMEWORK_HEADER = YES;
				CLANG_WARN_RANGE_LOOP_ANALYSIS = YES;
				CLANG_WARN_STRICT_PROTOTYPES = YES;
				CLANG_WARN_SUSPICIOUS_MOVE = YES;
				CLANG_WARN_UNGUARDED_AVAILABILITY = YES_AGGRESSIVE;
				CLANG_WARN_UNREACHABLE_CODE = YES;
				CLANG_WARN__DUPLICATE_METHOD_MATCH = YES;
				COPY_PHASE_STRIP = NO;
				DEBUG_INFORMATION_FORMAT = "dwarf-with-dsym";
				ENABLE_NS_ASSERTIONS = NO;
				ENABLE_STRICT_OBJC_MSGSEND = YES;
				ENABLE_USER_SCRIPT_SANDBOXING = YES;
				GCC_C_LANGUAGE_STANDARD = gnu17;
				GCC_NO_COMMON_BLOCKS = YES;
				GCC_WARN_64_TO_32_BIT_CONVERSION = YES;
				GCC_WARN_ABOUT_RETURN_TYPE = YES_ERROR;
				GCC_WARN_UNDECLARED_SELECTOR = YES;
				GCC_WARN_UNINITIALIZED_AUTOS = YES_AGGRESSIVE;
				GCC_WARN_UNUSED_FUNCTION = YES;
				GCC_WARN_UNUSED_VARIABLE = YES;
				INFOPLIST_FILE = SwiftNews/Info.plist;
				IPHONEOS_DEPLOYMENT_TARGET = 18.4;
				LOCALIZATION_PREFERS_STRING_CATALOGS = YES;
				MTL_ENABLE_DEBUG_INFO = NO;
				MTL_FAST_MATH = YES;
				SDKROOT = iphoneos;
				SWIFT_COMPILATION_MODE = wholemodule;
				VALIDATE_PRODUCT = YES;
			};
			name = Release;
		};
		695251152DBDB9FD0040EE12 /* Debug */ = {
			isa = XCBuildConfiguration;
			buildSettings = {
				ASSETCATALOG_COMPILER_APPICON_NAME = AppIcon;
				ASSETCATALOG_COMPILER_GLOBAL_ACCENT_COLOR_NAME = AccentColor;
				CODE_SIGN_STYLE = Automatic;
				CURRENT_PROJECT_VERSION = 1;
				ENABLE_PREVIEWS = YES;
				GENERATE_INFOPLIST_FILE = NO;
				INFOPLIST_FILE = SwiftNews/Info.plist;
				INFOPLIST_KEY_UIApplicationSceneManifest_Generation = YES;
				INFOPLIST_KEY_UIApplicationSupportsIndirectInputEvents = YES;
				INFOPLIST_KEY_UILaunchScreen_Generation = YES;
				INFOPLIST_KEY_UISupportedInterfaceOrientations_iPad = "UIInterfaceOrientationPortrait UIInterfaceOrientationPortraitUpsideDown UIInterfaceOrientationLandscapeLeft UIInterfaceOrientationLandscapeRight";
				INFOPLIST_KEY_UISupportedInterfaceOrientations_iPhone = "UIInterfaceOrientationPortrait UIInterfaceOrientationLandscapeLeft UIInterfaceOrientationLandscapeRight";
				LD_RUNPATH_SEARCH_PATHS = (
					"$(inherited)",
					"@executable_path/Frameworks",
				);
				MARKETING_VERSION = 1.0;
				PRODUCT_BUNDLE_IDENTIFIER = com.akhilamuthyala.SwiftNews;
				PRODUCT_NAME = "$(TARGET_NAME)";
				SWIFT_EMIT_LOC_STRINGS = YES;
				SWIFT_VERSION = 5.0;
				TARGETED_DEVICE_FAMILY = "1,2";
			};
			name = Debug;
		};
		695251162DBDB9FD0040EE12 /* Release */ = {
			isa = XCBuildConfiguration;
			buildSettings = {
				ASSETCATALOG_COMPILER_APPICON_NAME = AppIcon;
				ASSETCATALOG_COMPILER_GLOBAL_ACCENT_COLOR_NAME = AccentColor;
				CODE_SIGN_STYLE = Automatic;
				CURRENT_PROJECT_VERSION = 1;
				ENABLE_PREVIEWS = YES;
				GENERATE_INFOPLIST_FILE = NO;
				INFOPLIST_FILE = SwiftNews/Info.plist;
				INFOPLIST_KEY_UIApplicationSceneManifest_Generation = YES;
				INFOPLIST_KEY_UIApplicationSupportsIndirectInputEvents = YES;
				INFOPLIST_KEY_UILaunchScreen_Generation = YES;
				INFOPLIST_KEY_UISupportedInterfaceOrientations_iPad = "UIInterfaceOrientationPortrait UIInterfaceOrientationPortraitUpsideDown UIInterfaceOrientationLandscapeLeft UIInterfaceOrientationLandscapeRight";
				INFOPLIST_KEY_UISupportedInterfaceOrientations_iPhone = "UIInterfaceOrientationPortrait UIInterfaceOrientationLandscapeLeft UIInterfaceOrientationLandscapeRight";
				LD_RUNPATH_SEARCH_PATHS = (
					"$(inherited)",
					"@executable_path/Frameworks",
				);
				MARKETING_VERSION = 1.0;
				PRODUCT_BUNDLE_IDENTIFIER = com.akhilamuthyala.SwiftNews;
				PRODUCT_NAME = "$(TARGET_NAME)";
				SWIFT_EMIT_LOC_STRINGS = YES;
				SWIFT_VERSION = 5.0;
				TARGETED_DEVICE_FAMILY = "1,2";
			};
			name = Release;
		};
		695251182DBDB9FD0040EE12 /* Debug */ = {
			isa = XCBuildConfiguration;
			buildSettings = {
				BUNDLE_LOADER = "$(TEST_HOST)";
				CODE_SIGN_STYLE = Automatic;
				CURRENT_PROJECT_VERSION = 1;
				GENERATE_INFOPLIST_FILE = YES;
				IPHONEOS_DEPLOYMENT_TARGET = 18.4;
				MARKETING_VERSION = 1.0;
				PRODUCT_BUNDLE_IDENTIFIER = com.akhilamuthyala.SwiftNewsTests;
				PRODUCT_NAME = "$(TARGET_NAME)";
				SWIFT_EMIT_LOC_STRINGS = NO;
				SWIFT_VERSION = 5.0;
				TARGETED_DEVICE_FAMILY = "1,2";
				TEST_HOST = "$(BUILT_PRODUCTS_DIR)/SwiftNews.app/$(BUNDLE_EXECUTABLE_FOLDER_PATH)/SwiftNews";
			};
			name = Debug;
		};
		695251192DBDB9FD0040EE12 /* Release */ = {
			isa = XCBuildConfiguration;
			buildSettings = {
				BUNDLE_LOADER = "$(TEST_HOST)";
				CODE_SIGN_STYLE = Automatic;
				CURRENT_PROJECT_VERSION = 1;
				GENERATE_INFOPLIST_FILE = YES;
				IPHONEOS_DEPLOYMENT_TARGET = 18.4;
				MARKETING_VERSION = 1.0;
				PRODUCT_BUNDLE_IDENTIFIER = com.akhilamuthyala.SwiftNewsTests;
				PRODUCT_NAME = "$(TARGET_NAME)";
				SWIFT_EMIT_LOC_STRINGS = NO;
				SWIFT_VERSION = 5.0;
				TARGETED_DEVICE_FAMILY = "1,2";
				TEST_HOST = "$(BUILT_PRODUCTS_DIR)/SwiftNews.app/$(BUNDLE_EXECUTABLE_FOLDER_PATH)/SwiftNews";
			};
			name = Release;
		};
		6952511B2DBDB9FD0040EE12 /* Debug */ = {
			isa = XCBuildConfiguration;
			buildSettings = {
				CODE_SIGN_STYLE = Automatic;
				CURRENT_PROJECT_VERSION = 1;
				GENERATE_INFOPLIST_FILE = YES;
				MARKETING_VERSION = 1.0;
				PRODUCT_BUNDLE_IDENTIFIER = com.akhilamuthyala.SwiftNewsUITests;
				PRODUCT_NAME = "$(TARGET_NAME)";
				SWIFT_EMIT_LOC_STRINGS = NO;
				SWIFT_VERSION = 5.0;
				TARGETED_DEVICE_FAMILY = "1,2";
				TEST_TARGET_NAME = SwiftNews;
			};
			name = Debug;
		};
		6952511C2DBDB9FD0040EE12 /* Release */ = {
			isa = XCBuildConfiguration;
			buildSettings = {
				CODE_SIGN_STYLE = Automatic;
				CURRENT_PROJECT_VERSION = 1;
				GENERATE_INFOPLIST_FILE = YES;
				MARKETING_VERSION = 1.0;
				PRODUCT_BUNDLE_IDENTIFIER = com.akhilamuthyala.SwiftNewsUITests;
				PRODUCT_NAME = "$(TARGET_NAME)";
				SWIFT_EMIT_LOC_STRINGS = NO;
				SWIFT_VERSION = 5.0;
				TARGETED_DEVICE_FAMILY = "1,2";
				TEST_TARGET_NAME = SwiftNews;
			};
			name = Release;
		};
/* End XCBuildConfiguration section */

/* Begin XCConfigurationList section */
		695250EE2DBDB9FA0040EE12 /* Build configuration list for PBXProject "SwiftNews" */ = {
			isa = XCConfigurationList;
			buildConfigurations = (
				695251122DBDB9FD0040EE12 /* Debug */,
				695251132DBDB9FD0040EE12 /* Release */,
			);
			defaultConfigurationIsVisible = 0;
			defaultConfigurationName = Release;
		};
		695251142DBDB9FD0040EE12 /* Build configuration list for PBXNativeTarget "SwiftNews" */ = {
			isa = XCConfigurationList;
			buildConfigurations = (
				695251152DBDB9FD0040EE12 /* Debug */,
				695251162DBDB9FD0040EE12 /* Release */,
			);
			defaultConfigurationIsVisible = 0;
			defaultConfigurationName = Release;
		};
		695251172DBDB9FD0040EE12 /* Build configuration list for PBXNativeTarget "SwiftNewsTests" */ = {
			isa = XCConfigurationList;
			buildConfigurations = (
				695251182DBDB9FD0040EE12 /* Debug */,
				695251192DBDB9FD0040EE12 /* Release */,
			);
			defaultConfigurationIsVisible = 0;
			defaultConfigurationName = Release;
		};
		6952511A2DBDB9FD0040EE12 /* Build configuration list for PBXNativeTarget "SwiftNewsUITests" */ = {
			isa = XCConfigurationList;
			buildConfigurations = (
				6952511B2DBDB9FD0040EE12 /* Debug */,
				6952511C2DBDB9FD0040EE12 /* Release */,
			);
			defaultConfigurationIsVisible = 0;
			defaultConfigurationName = Release;
		};
/* End XCConfigurationList section */
	};
	rootObject = 695250EB2DBDB9FA0040EE12 /* Project object */;
}
